// !$*UTF8*$!
{
	archiveVersion = 1;
	classes = {
	};
	objectVersion = 48;
	objects = {

/* Begin PBXBuildFile section */
		8E7198BC2007BC7100B6CDF3 /* NiceSnake.swift in Sources */ = {isa = PBXBuildFile; fileRef = 8E7198BB2007BC7100B6CDF3 /* NiceSnake.swift */; };
		8E7198BE2007E18000B6CDF3 /* EnemyLaser.swift in Sources */ = {isa = PBXBuildFile; fileRef = 8E7198BD2007E18000B6CDF3 /* EnemyLaser.swift */; };
		8E7198C6200B8A1300B6CDF3 /* UIImageViewExtension.swift in Sources */ = {isa = PBXBuildFile; fileRef = 8E7198C0200B8A1300B6CDF3 /* UIImageViewExtension.swift */; };
		8E7198C7200B8A1300B6CDF3 /* CIColorExtension.swift in Sources */ = {isa = PBXBuildFile; fileRef = 8E7198C2200B8A1300B6CDF3 /* CIColorExtension.swift */; };
		8E7198C8200B8A1300B6CDF3 /* CIImageExtension.swift in Sources */ = {isa = PBXBuildFile; fileRef = 8E7198C3200B8A1300B6CDF3 /* CIImageExtension.swift */; };
		8E7198C9200B8A1300B6CDF3 /* Info.plist in Resources */ = {isa = PBXBuildFile; fileRef = 8E7198C4200B8A1300B6CDF3 /* Info.plist */; };
		8E7198CA200B8A1300B6CDF3 /* QRCode.swift in Sources */ = {isa = PBXBuildFile; fileRef = 8E7198C5200B8A1300B6CDF3 /* QRCode.swift */; };
		8E7198CC200B8B9F00B6CDF3 /* LICENSE in Resources */ = {isa = PBXBuildFile; fileRef = 8E7198CB200B8B9F00B6CDF3 /* LICENSE */; };
		8E7C85FE20114BBC00969EC8 /* ShareViewController.swift in Sources */ = {isa = PBXBuildFile; fileRef = 8E7C85FD20114BBC00969EC8 /* ShareViewController.swift */; };
		8E7C86002011528400969EC8 /* Flowmaze.png in Resources */ = {isa = PBXBuildFile; fileRef = 8E7C85FF2011528400969EC8 /* Flowmaze.png */; };
		8E9395442026016400F03E37 /* ActionViewController.swift in Sources */ = {isa = PBXBuildFile; fileRef = 8E9395432026016400F03E37 /* ActionViewController.swift */; };
		8E9395472026016400F03E37 /* MainInterface.storyboard in Resources */ = {isa = PBXBuildFile; fileRef = 8E9395452026016400F03E37 /* MainInterface.storyboard */; };
		8E93954B2026016400F03E37 /* FlowMazeImport.appex in Embed App Extensions */ = {isa = PBXBuildFile; fileRef = 8E9395412026016400F03E37 /* FlowMazeImport.appex */; settings = {ATTRIBUTES = (RemoveHeadersOnCopy, ); }; };
		8EB92B1F1FFC06CC0096CC55 /* LevelInfo.swift in Sources */ = {isa = PBXBuildFile; fileRef = 8EB92B1E1FFC06CC0096CC55 /* LevelInfo.swift */; };
		8EB92B2120013FCF0096CC55 /* HighScoreDetailsViewController.swift in Sources */ = {isa = PBXBuildFile; fileRef = 8EB92B2020013FCF0096CC55 /* HighScoreDetailsViewController.swift */; };
		8EEF077B1FF2F74B0032CDAE /* AppDelegate.swift in Sources */ = {isa = PBXBuildFile; fileRef = 8EEF077A1FF2F74B0032CDAE /* AppDelegate.swift */; };
		8EEF077D1FF2F74B0032CDAE /* GameViewController.swift in Sources */ = {isa = PBXBuildFile; fileRef = 8EEF077C1FF2F74B0032CDAE /* GameViewController.swift */; };
		8EEF07801FF2F74B0032CDAE /* Main.storyboard in Resources */ = {isa = PBXBuildFile; fileRef = 8EEF077E1FF2F74B0032CDAE /* Main.storyboard */; };
		8EEF07821FF2F74B0032CDAE /* Assets.xcassets in Resources */ = {isa = PBXBuildFile; fileRef = 8EEF07811FF2F74B0032CDAE /* Assets.xcassets */; };
		8EEF07851FF2F74B0032CDAE /* LaunchScreen.storyboard in Resources */ = {isa = PBXBuildFile; fileRef = 8EEF07831FF2F74B0032CDAE /* LaunchScreen.storyboard */; };
		8EEF078D1FF2F7690032CDAE /* Labyrinth.swift in Sources */ = {isa = PBXBuildFile; fileRef = 8EEF078C1FF2F7690032CDAE /* Labyrinth.swift */; };
		8EFFF5801FF51C12007947D6 /* MenuViewController.swift in Sources */ = {isa = PBXBuildFile; fileRef = 8EFFF57F1FF51C12007947D6 /* MenuViewController.swift */; };
		8EFFF5821FF80373007947D6 /* HighScores.swift in Sources */ = {isa = PBXBuildFile; fileRef = 8EFFF5811FF80373007947D6 /* HighScores.swift */; };
		8EFFF5861FF8FE5D007947D6 /* GameOver.png in Resources */ = {isa = PBXBuildFile; fileRef = 8EFFF5831FF8FE5D007947D6 /* GameOver.png */; };
		8EFFF5871FF8FE5D007947D6 /* Highscore.png in Resources */ = {isa = PBXBuildFile; fileRef = 8EFFF5841FF8FE5D007947D6 /* Highscore.png */; };
		8EFFF5881FF8FE5D007947D6 /* Success.png in Resources */ = {isa = PBXBuildFile; fileRef = 8EFFF5851FF8FE5D007947D6 /* Success.png */; };
		8EFFF58A1FF91B23007947D6 /* SceneViewController.swift in Sources */ = {isa = PBXBuildFile; fileRef = 8EFFF5891FF91B23007947D6 /* SceneViewController.swift */; };
		8EFFF58C1FFA2D1D007947D6 /* EnemySnake.swift in Sources */ = {isa = PBXBuildFile; fileRef = 8EFFF58B1FFA2D1D007947D6 /* EnemySnake.swift */; };
		8EFFF58E1FFA6F33007947D6 /* EnemyFlow.swift in Sources */ = {isa = PBXBuildFile; fileRef = 8EFFF58D1FFA6F33007947D6 /* EnemyFlow.swift */; };
		8EFFF5901FFA8000007947D6 /* EnemyBurn.swift in Sources */ = {isa = PBXBuildFile; fileRef = 8EFFF58F1FFA8000007947D6 /* EnemyBurn.swift */; };
		8EFFF5921FFA8065007947D6 /* EnemyBasis.swift in Sources */ = {isa = PBXBuildFile; fileRef = 8EFFF5911FFA8065007947D6 /* EnemyBasis.swift */; };
		8EFFF5941FFA907A007947D6 /* EnemyFill.swift in Sources */ = {isa = PBXBuildFile; fileRef = 8EFFF5931FFA907A007947D6 /* EnemyFill.swift */; };
		8EFFF5961FFA958C007947D6 /* HighScoreViewController.swift in Sources */ = {isa = PBXBuildFile; fileRef = 8EFFF5951FFA958C007947D6 /* HighScoreViewController.swift */; };
/* End PBXBuildFile section */

/* Begin PBXContainerItemProxy section */
		8E9395492026016400F03E37 /* PBXContainerItemProxy */ = {
			isa = PBXContainerItemProxy;
			containerPortal = 8EEF076F1FF2F74B0032CDAE /* Project object */;
			proxyType = 1;
			remoteGlobalIDString = 8E9395402026016400F03E37;
			remoteInfo = FlowMazeImport;
		};
/* End PBXContainerItemProxy section */

/* Begin PBXCopyFilesBuildPhase section */
		8E93954F2026016400F03E37 /* Embed App Extensions */ = {
			isa = PBXCopyFilesBuildPhase;
			buildActionMask = 2147483647;
			dstPath = "";
			dstSubfolderSpec = 13;
			files = (
				8E93954B2026016400F03E37 /* FlowMazeImport.appex in Embed App Extensions */,
			);
			name = "Embed App Extensions";
			runOnlyForDeploymentPostprocessing = 0;
		};
/* End PBXCopyFilesBuildPhase section */

/* Begin PBXFileReference section */
		8E7198BB2007BC7100B6CDF3 /* NiceSnake.swift */ = {isa = PBXFileReference; lastKnownFileType = sourcecode.swift; path = NiceSnake.swift; sourceTree = "<group>"; };
		8E7198BD2007E18000B6CDF3 /* EnemyLaser.swift */ = {isa = PBXFileReference; lastKnownFileType = sourcecode.swift; path = EnemyLaser.swift; sourceTree = "<group>"; };
		8E7198C0200B8A1300B6CDF3 /* UIImageViewExtension.swift */ = {isa = PBXFileReference; fileEncoding = 4; lastKnownFileType = sourcecode.swift; path = UIImageViewExtension.swift; sourceTree = "<group>"; };
		8E7198C1200B8A1300B6CDF3 /* QRCode.h */ = {isa = PBXFileReference; fileEncoding = 4; lastKnownFileType = sourcecode.c.h; path = QRCode.h; sourceTree = "<group>"; };
		8E7198C2200B8A1300B6CDF3 /* CIColorExtension.swift */ = {isa = PBXFileReference; fileEncoding = 4; lastKnownFileType = sourcecode.swift; path = CIColorExtension.swift; sourceTree = "<group>"; };
		8E7198C3200B8A1300B6CDF3 /* CIImageExtension.swift */ = {isa = PBXFileReference; fileEncoding = 4; lastKnownFileType = sourcecode.swift; path = CIImageExtension.swift; sourceTree = "<group>"; };
		8E7198C4200B8A1300B6CDF3 /* Info.plist */ = {isa = PBXFileReference; fileEncoding = 4; lastKnownFileType = text.plist.xml; path = Info.plist; sourceTree = "<group>"; };
		8E7198C5200B8A1300B6CDF3 /* QRCode.swift */ = {isa = PBXFileReference; fileEncoding = 4; lastKnownFileType = sourcecode.swift; path = QRCode.swift; sourceTree = "<group>"; };
		8E7198CB200B8B9F00B6CDF3 /* LICENSE */ = {isa = PBXFileReference; fileEncoding = 4; lastKnownFileType = text; path = LICENSE; sourceTree = "<group>"; };
		8E7C85FD20114BBC00969EC8 /* ShareViewController.swift */ = {isa = PBXFileReference; lastKnownFileType = sourcecode.swift; path = ShareViewController.swift; sourceTree = "<group>"; };
		8E7C85FF2011528400969EC8 /* Flowmaze.png */ = {isa = PBXFileReference; lastKnownFileType = image.png; path = Flowmaze.png; sourceTree = "<group>"; };
		8E9395412026016400F03E37 /* FlowMazeImport.appex */ = {isa = PBXFileReference; explicitFileType = "wrapper.app-extension"; includeInIndex = 0; path = FlowMazeImport.appex; sourceTree = BUILT_PRODUCTS_DIR; };
		8E9395432026016400F03E37 /* ActionViewController.swift */ = {isa = PBXFileReference; lastKnownFileType = sourcecode.swift; path = ActionViewController.swift; sourceTree = "<group>"; };
		8E9395462026016400F03E37 /* Base */ = {isa = PBXFileReference; lastKnownFileType = file.storyboard; name = Base; path = Base.lproj/MainInterface.storyboard; sourceTree = "<group>"; };
		8E9395482026016400F03E37 /* Info.plist */ = {isa = PBXFileReference; lastKnownFileType = text.plist.xml; path = Info.plist; sourceTree = "<group>"; };
		8EB92B1E1FFC06CC0096CC55 /* LevelInfo.swift */ = {isa = PBXFileReference; lastKnownFileType = sourcecode.swift; path = LevelInfo.swift; sourceTree = "<group>"; };
		8EB92B2020013FCF0096CC55 /* HighScoreDetailsViewController.swift */ = {isa = PBXFileReference; lastKnownFileType = sourcecode.swift; path = HighScoreDetailsViewController.swift; sourceTree = "<group>"; };
		8EEF07771FF2F74B0032CDAE /* Flowmaze2.app */ = {isa = PBXFileReference; explicitFileType = wrapper.application; includeInIndex = 0; path = Flowmaze2.app; sourceTree = BUILT_PRODUCTS_DIR; };
		8EEF077A1FF2F74B0032CDAE /* AppDelegate.swift */ = {isa = PBXFileReference; lastKnownFileType = sourcecode.swift; path = AppDelegate.swift; sourceTree = "<group>"; };
		8EEF077C1FF2F74B0032CDAE /* GameViewController.swift */ = {isa = PBXFileReference; lastKnownFileType = sourcecode.swift; path = GameViewController.swift; sourceTree = "<group>"; };
		8EEF077F1FF2F74B0032CDAE /* Base */ = {isa = PBXFileReference; lastKnownFileType = file.storyboard; name = Base; path = Base.lproj/Main.storyboard; sourceTree = "<group>"; };
		8EEF07811FF2F74B0032CDAE /* Assets.xcassets */ = {isa = PBXFileReference; lastKnownFileType = folder.assetcatalog; path = Assets.xcassets; sourceTree = "<group>"; };
		8EEF07841FF2F74B0032CDAE /* Base */ = {isa = PBXFileReference; lastKnownFileType = file.storyboard; name = Base; path = Base.lproj/LaunchScreen.storyboard; sourceTree = "<group>"; };
		8EEF07861FF2F74B0032CDAE /* Info.plist */ = {isa = PBXFileReference; lastKnownFileType = text.plist.xml; path = Info.plist; sourceTree = "<group>"; };
		8EEF078C1FF2F7690032CDAE /* Labyrinth.swift */ = {isa = PBXFileReference; lastKnownFileType = sourcecode.swift; path = Labyrinth.swift; sourceTree = "<group>"; };
		8EFFF57F1FF51C12007947D6 /* MenuViewController.swift */ = {isa = PBXFileReference; lastKnownFileType = sourcecode.swift; path = MenuViewController.swift; sourceTree = "<group>"; };
		8EFFF5811FF80373007947D6 /* HighScores.swift */ = {isa = PBXFileReference; lastKnownFileType = sourcecode.swift; path = HighScores.swift; sourceTree = "<group>"; };
		8EFFF5831FF8FE5D007947D6 /* GameOver.png */ = {isa = PBXFileReference; lastKnownFileType = image.png; path = GameOver.png; sourceTree = "<group>"; };
		8EFFF5841FF8FE5D007947D6 /* Highscore.png */ = {isa = PBXFileReference; lastKnownFileType = image.png; path = Highscore.png; sourceTree = "<group>"; };
		8EFFF5851FF8FE5D007947D6 /* Success.png */ = {isa = PBXFileReference; lastKnownFileType = image.png; path = Success.png; sourceTree = "<group>"; };
		8EFFF5891FF91B23007947D6 /* SceneViewController.swift */ = {isa = PBXFileReference; lastKnownFileType = sourcecode.swift; path = SceneViewController.swift; sourceTree = "<group>"; };
		8EFFF58B1FFA2D1D007947D6 /* EnemySnake.swift */ = {isa = PBXFileReference; lastKnownFileType = sourcecode.swift; path = EnemySnake.swift; sourceTree = "<group>"; };
		8EFFF58D1FFA6F33007947D6 /* EnemyFlow.swift */ = {isa = PBXFileReference; lastKnownFileType = sourcecode.swift; path = EnemyFlow.swift; sourceTree = "<group>"; };
		8EFFF58F1FFA8000007947D6 /* EnemyBurn.swift */ = {isa = PBXFileReference; lastKnownFileType = sourcecode.swift; path = EnemyBurn.swift; sourceTree = "<group>"; };
		8EFFF5911FFA8065007947D6 /* EnemyBasis.swift */ = {isa = PBXFileReference; lastKnownFileType = sourcecode.swift; path = EnemyBasis.swift; sourceTree = "<group>"; };
		8EFFF5931FFA907A007947D6 /* EnemyFill.swift */ = {isa = PBXFileReference; lastKnownFileType = sourcecode.swift; path = EnemyFill.swift; sourceTree = "<group>"; };
		8EFFF5951FFA958C007947D6 /* HighScoreViewController.swift */ = {isa = PBXFileReference; lastKnownFileType = sourcecode.swift; path = HighScoreViewController.swift; sourceTree = "<group>"; };
/* End PBXFileReference section */

/* Begin PBXFrameworksBuildPhase section */
		8E93953E2026016400F03E37 /* Frameworks */ = {
			isa = PBXFrameworksBuildPhase;
			buildActionMask = 2147483647;
			files = (
			);
			runOnlyForDeploymentPostprocessing = 0;
		};
		8EEF07741FF2F74B0032CDAE /* Frameworks */ = {
			isa = PBXFrameworksBuildPhase;
			buildActionMask = 2147483647;
			files = (
			);
			runOnlyForDeploymentPostprocessing = 0;
		};
/* End PBXFrameworksBuildPhase section */

/* Begin PBXGroup section */
		8E7198BF200B88D500B6CDF3 /* qr_code */ = {
			isa = PBXGroup;
			children = (
				8E7198CB200B8B9F00B6CDF3 /* LICENSE */,
				8E7198C2200B8A1300B6CDF3 /* CIColorExtension.swift */,
				8E7198C3200B8A1300B6CDF3 /* CIImageExtension.swift */,
				8E7198C4200B8A1300B6CDF3 /* Info.plist */,
				8E7198C1200B8A1300B6CDF3 /* QRCode.h */,
				8E7198C5200B8A1300B6CDF3 /* QRCode.swift */,
				8E7198C0200B8A1300B6CDF3 /* UIImageViewExtension.swift */,
			);
			path = qr_code;
			sourceTree = "<group>";
		};
		8E9395422026016400F03E37 /* FlowMazeImport */ = {
			isa = PBXGroup;
			children = (
				8E9395432026016400F03E37 /* ActionViewController.swift */,
				8E9395452026016400F03E37 /* MainInterface.storyboard */,
				8E9395482026016400F03E37 /* Info.plist */,
			);
			path = FlowMazeImport;
			sourceTree = "<group>";
		};
		8EEF076E1FF2F74B0032CDAE = {
			isa = PBXGroup;
			children = (
				8EEF07791FF2F74B0032CDAE /* Flowmaze2 */,
				8E9395422026016400F03E37 /* FlowMazeImport */,
				8EEF07781FF2F74B0032CDAE /* Products */,
			);
			sourceTree = "<group>";
		};
		8EEF07781FF2F74B0032CDAE /* Products */ = {
			isa = PBXGroup;
			children = (
				8EEF07771FF2F74B0032CDAE /* Flowmaze2.app */,
				8E9395412026016400F03E37 /* FlowMazeImport.appex */,
			);
			name = Products;
			sourceTree = "<group>";
		};
		8EEF07791FF2F74B0032CDAE /* Flowmaze2 */ = {
			isa = PBXGroup;
			children = (
				8E7198BF200B88D500B6CDF3 /* qr_code */,
				8EFFF57F1FF51C12007947D6 /* MenuViewController.swift */,
				8EEF077A1FF2F74B0032CDAE /* AppDelegate.swift */,
				8EFFF5891FF91B23007947D6 /* SceneViewController.swift */,
				8EEF077C1FF2F74B0032CDAE /* GameViewController.swift */,
				8E7C85FD20114BBC00969EC8 /* ShareViewController.swift */,
				8EFFF5951FFA958C007947D6 /* HighScoreViewController.swift */,
				8EB92B2020013FCF0096CC55 /* HighScoreDetailsViewController.swift */,
				8EEF077E1FF2F74B0032CDAE /* Main.storyboard */,
				8EEF07811FF2F74B0032CDAE /* Assets.xcassets */,
				8E7C85FF2011528400969EC8 /* Flowmaze.png */,
				8EFFF5831FF8FE5D007947D6 /* GameOver.png */,
				8EFFF5841FF8FE5D007947D6 /* Highscore.png */,
				8EFFF5851FF8FE5D007947D6 /* Success.png */,
				8EEF07831FF2F74B0032CDAE /* LaunchScreen.storyboard */,
				8EEF07861FF2F74B0032CDAE /* Info.plist */,
				8EEF078C1FF2F7690032CDAE /* Labyrinth.swift */,
				8EB92B1E1FFC06CC0096CC55 /* LevelInfo.swift */,
				8EFFF5811FF80373007947D6 /* HighScores.swift */,
				8E7198BB2007BC7100B6CDF3 /* NiceSnake.swift */,
				8EFFF58B1FFA2D1D007947D6 /* EnemySnake.swift */,
				8E7198BD2007E18000B6CDF3 /* EnemyLaser.swift */,
				8EFFF5911FFA8065007947D6 /* EnemyBasis.swift */,
				8EFFF58D1FFA6F33007947D6 /* EnemyFlow.swift */,
				8EFFF58F1FFA8000007947D6 /* EnemyBurn.swift */,
				8EFFF5931FFA907A007947D6 /* EnemyFill.swift */,
			);
			path = Flowmaze2;
			sourceTree = "<group>";
		};
/* End PBXGroup section */

/* Begin PBXNativeTarget section */
		8E9395402026016400F03E37 /* FlowMazeImport */ = {
			isa = PBXNativeTarget;
			buildConfigurationList = 8E93954E2026016400F03E37 /* Build configuration list for PBXNativeTarget "FlowMazeImport" */;
			buildPhases = (
				8E93953D2026016400F03E37 /* Sources */,
				8E93953E2026016400F03E37 /* Frameworks */,
				8E93953F2026016400F03E37 /* Resources */,
			);
			buildRules = (
			);
			dependencies = (
			);
			name = FlowMazeImport;
			productName = FlowMazeImport;
			productReference = 8E9395412026016400F03E37 /* FlowMazeImport.appex */;
			productType = "com.apple.product-type.app-extension";
		};
		8EEF07761FF2F74B0032CDAE /* Flowmaze2 */ = {
			isa = PBXNativeTarget;
			buildConfigurationList = 8EEF07891FF2F74B0032CDAE /* Build configuration list for PBXNativeTarget "Flowmaze2" */;
			buildPhases = (
				8EEF07731FF2F74B0032CDAE /* Sources */,
				8EEF07741FF2F74B0032CDAE /* Frameworks */,
				8EEF07751FF2F74B0032CDAE /* Resources */,
				8E93954F2026016400F03E37 /* Embed App Extensions */,
			);
			buildRules = (
			);
			dependencies = (
				8E93954A2026016400F03E37 /* PBXTargetDependency */,
			);
			name = Flowmaze2;
			productName = Flowmaze2;
			productReference = 8EEF07771FF2F74B0032CDAE /* Flowmaze2.app */;
			productType = "com.apple.product-type.application";
		};
/* End PBXNativeTarget section */

/* Begin PBXProject section */
		8EEF076F1FF2F74B0032CDAE /* Project object */ = {
			isa = PBXProject;
			attributes = {
				LastSwiftUpdateCheck = 0920;
				LastUpgradeCheck = 0920;
				ORGANIZATIONNAME = "Knut Erik Borgen";
				TargetAttributes = {
					8E9395402026016400F03E37 = {
						CreatedOnToolsVersion = 9.2;
						ProvisioningStyle = Automatic;
					};
					8EEF07761FF2F74B0032CDAE = {
						CreatedOnToolsVersion = 9.2;
						ProvisioningStyle = Automatic;
					};
				};
			};
			buildConfigurationList = 8EEF07721FF2F74B0032CDAE /* Build configuration list for PBXProject "Flowmaze2" */;
			compatibilityVersion = "Xcode 8.0";
			developmentRegion = en;
			hasScannedForEncodings = 0;
			knownRegions = (
				en,
				Base,
			);
			mainGroup = 8EEF076E1FF2F74B0032CDAE;
			productRefGroup = 8EEF07781FF2F74B0032CDAE /* Products */;
			projectDirPath = "";
			projectRoot = "";
			targets = (
				8EEF07761FF2F74B0032CDAE /* Flowmaze2 */,
				8E9395402026016400F03E37 /* FlowMazeImport */,
			);
		};
/* End PBXProject section */

/* Begin PBXResourcesBuildPhase section */
		8E93953F2026016400F03E37 /* Resources */ = {
			isa = PBXResourcesBuildPhase;
			buildActionMask = 2147483647;
			files = (
				8E9395472026016400F03E37 /* MainInterface.storyboard in Resources */,
			);
			runOnlyForDeploymentPostprocessing = 0;
		};
		8EEF07751FF2F74B0032CDAE /* Resources */ = {
			isa = PBXResourcesBuildPhase;
			buildActionMask = 2147483647;
			files = (
				8EFFF5871FF8FE5D007947D6 /* Highscore.png in Resources */,
				8EFFF5881FF8FE5D007947D6 /* Success.png in Resources */,
				8E7198CC200B8B9F00B6CDF3 /* LICENSE in Resources */,
				8EEF07851FF2F74B0032CDAE /* LaunchScreen.storyboard in Resources */,
				8EFFF5861FF8FE5D007947D6 /* GameOver.png in Resources */,
				8EEF07821FF2F74B0032CDAE /* Assets.xcassets in Resources */,
				8EEF07801FF2F74B0032CDAE /* Main.storyboard in Resources */,
				8E7C86002011528400969EC8 /* Flowmaze.png in Resources */,
				8E7198C9200B8A1300B6CDF3 /* Info.plist in Resources */,
			);
			runOnlyForDeploymentPostprocessing = 0;
		};
/* End PBXResourcesBuildPhase section */

/* Begin PBXSourcesBuildPhase section */
		8E93953D2026016400F03E37 /* Sources */ = {
			isa = PBXSourcesBuildPhase;
			buildActionMask = 2147483647;
			files = (
				8E9395442026016400F03E37 /* ActionViewController.swift in Sources */,
			);
			runOnlyForDeploymentPostprocessing = 0;
		};
		8EEF07731FF2F74B0032CDAE /* Sources */ = {
			isa = PBXSourcesBuildPhase;
			buildActionMask = 2147483647;
			files = (
				8E7C85FE20114BBC00969EC8 /* ShareViewController.swift in Sources */,
				8E7198BE2007E18000B6CDF3 /* EnemyLaser.swift in Sources */,
				8EFFF58E1FFA6F33007947D6 /* EnemyFlow.swift in Sources */,
				8EEF077D1FF2F74B0032CDAE /* GameViewController.swift in Sources */,
				8EFFF58C1FFA2D1D007947D6 /* EnemySnake.swift in Sources */,
				8EFFF5941FFA907A007947D6 /* EnemyFill.swift in Sources */,
				8E7198C7200B8A1300B6CDF3 /* CIColorExtension.swift in Sources */,
				8E7198BC2007BC7100B6CDF3 /* NiceSnake.swift in Sources */,
				8EB92B2120013FCF0096CC55 /* HighScoreDetailsViewController.swift in Sources */,
				8EEF078D1FF2F7690032CDAE /* Labyrinth.swift in Sources */,
				8E7198CA200B8A1300B6CDF3 /* QRCode.swift in Sources */,
				8EFFF5901FFA8000007947D6 /* EnemyBurn.swift in Sources */,
				8EFFF5921FFA8065007947D6 /* EnemyBasis.swift in Sources */,
				8EFFF5821FF80373007947D6 /* HighScores.swift in Sources */,
				8EB92B1F1FFC06CC0096CC55 /* LevelInfo.swift in Sources */,
				8EFFF58A1FF91B23007947D6 /* SceneViewController.swift in Sources */,
				8E7198C8200B8A1300B6CDF3 /* CIImageExtension.swift in Sources */,
				8E7198C6200B8A1300B6CDF3 /* UIImageViewExtension.swift in Sources */,
				8EEF077B1FF2F74B0032CDAE /* AppDelegate.swift in Sources */,
				8EFFF5801FF51C12007947D6 /* MenuViewController.swift in Sources */,
				8EFFF5961FFA958C007947D6 /* HighScoreViewController.swift in Sources */,
			);
			runOnlyForDeploymentPostprocessing = 0;
		};
/* End PBXSourcesBuildPhase section */

/* Begin PBXTargetDependency section */
		8E93954A2026016400F03E37 /* PBXTargetDependency */ = {
			isa = PBXTargetDependency;
			target = 8E9395402026016400F03E37 /* FlowMazeImport */;
			targetProxy = 8E9395492026016400F03E37 /* PBXContainerItemProxy */;
		};
/* End PBXTargetDependency section */

/* Begin PBXVariantGroup section */
		8E9395452026016400F03E37 /* MainInterface.storyboard */ = {
			isa = PBXVariantGroup;
			children = (
				8E9395462026016400F03E37 /* Base */,
			);
			name = MainInterface.storyboard;
			sourceTree = "<group>";
		};
		8EEF077E1FF2F74B0032CDAE /* Main.storyboard */ = {
			isa = PBXVariantGroup;
			children = (
				8EEF077F1FF2F74B0032CDAE /* Base */,
			);
			name = Main.storyboard;
			sourceTree = "<group>";
		};
		8EEF07831FF2F74B0032CDAE /* LaunchScreen.storyboard */ = {
			isa = PBXVariantGroup;
			children = (
				8EEF07841FF2F74B0032CDAE /* Base */,
			);
			name = LaunchScreen.storyboard;
			sourceTree = "<group>";
		};
/* End PBXVariantGroup section */

/* Begin XCBuildConfiguration section */
		8E93954C2026016400F03E37 /* Debug */ = {
			isa = XCBuildConfiguration;
			buildSettings = {
				CODE_SIGN_IDENTITY = "iPhone Developer";
				CODE_SIGN_STYLE = Automatic;
				DEVELOPMENT_TEAM = S5FN3MKRTG;
				INFOPLIST_FILE = FlowMazeImport/Info.plist;
				LD_RUNPATH_SEARCH_PATHS = "$(inherited) @executable_path/Frameworks @executable_path/../../Frameworks";
				PRODUCT_BUNDLE_IDENTIFIER = no.knubo.Flowmaze2.FlowMazeImport;
				PRODUCT_NAME = "$(TARGET_NAME)";
				PROVISIONING_PROFILE_SPECIFIER = "";
				SKIP_INSTALL = YES;
				SWIFT_VERSION = 4.0;
				TARGETED_DEVICE_FAMILY = "1,2";
			};
			name = Debug;
		};
		8E93954D2026016400F03E37 /* Release */ = {
			isa = XCBuildConfiguration;
			buildSettings = {
				CODE_SIGN_IDENTITY = "iPhone Developer";
				CODE_SIGN_STYLE = Automatic;
				DEVELOPMENT_TEAM = S5FN3MKRTG;
				INFOPLIST_FILE = FlowMazeImport/Info.plist;
				LD_RUNPATH_SEARCH_PATHS = "$(inherited) @executable_path/Frameworks @executable_path/../../Frameworks";
				PRODUCT_BUNDLE_IDENTIFIER = no.knubo.Flowmaze2.FlowMazeImport;
				PRODUCT_NAME = "$(TARGET_NAME)";
				PROVISIONING_PROFILE_SPECIFIER = "";
				SKIP_INSTALL = YES;
				SWIFT_VERSION = 4.0;
				TARGETED_DEVICE_FAMILY = "1,2";
			};
			name = Release;
		};
		8EEF07871FF2F74B0032CDAE /* Debug */ = {
			isa = XCBuildConfiguration;
			buildSettings = {
				ALWAYS_SEARCH_USER_PATHS = NO;
				CLANG_ANALYZER_NONNULL = YES;
				CLANG_ANALYZER_NUMBER_OBJECT_CONVERSION = YES_AGGRESSIVE;
				CLANG_CXX_LANGUAGE_STANDARD = "gnu++14";
				CLANG_CXX_LIBRARY = "libc++";
				CLANG_ENABLE_MODULES = YES;
				CLANG_ENABLE_OBJC_ARC = YES;
				CLANG_WARN_BLOCK_CAPTURE_AUTORELEASING = YES;
				CLANG_WARN_BOOL_CONVERSION = YES;
				CLANG_WARN_COMMA = YES;
				CLANG_WARN_CONSTANT_CONVERSION = YES;
				CLANG_WARN_DIRECT_OBJC_ISA_USAGE = YES_ERROR;
				CLANG_WARN_DOCUMENTATION_COMMENTS = YES;
				CLANG_WARN_EMPTY_BODY = YES;
				CLANG_WARN_ENUM_CONVERSION = YES;
				CLANG_WARN_INFINITE_RECURSION = YES;
				CLANG_WARN_INT_CONVERSION = YES;
				CLANG_WARN_NON_LITERAL_NULL_CONVERSION = YES;
				CLANG_WARN_OBJC_LITERAL_CONVERSION = YES;
				CLANG_WARN_OBJC_ROOT_CLASS = YES_ERROR;
				CLANG_WARN_RANGE_LOOP_ANALYSIS = YES;
				CLANG_WARN_STRICT_PROTOTYPES = YES;
				CLANG_WARN_SUSPICIOUS_MOVE = YES;
				CLANG_WARN_UNGUARDED_AVAILABILITY = YES_AGGRESSIVE;
				CLANG_WARN_UNREACHABLE_CODE = YES;
				CLANG_WARN__DUPLICATE_METHOD_MATCH = YES;
				CODE_SIGN_IDENTITY = "iPhone Developer";
				COPY_PHASE_STRIP = NO;
				DEBUG_INFORMATION_FORMAT = dwarf;
				DEVELOPMENT_TEAM = S5FN3MKRTG;
				ENABLE_STRICT_OBJC_MSGSEND = YES;
				ENABLE_TESTABILITY = YES;
				GCC_C_LANGUAGE_STANDARD = gnu11;
				GCC_DYNAMIC_NO_PIC = NO;
				GCC_NO_COMMON_BLOCKS = YES;
				GCC_OPTIMIZATION_LEVEL = 0;
				GCC_PREPROCESSOR_DEFINITIONS = (
					"DEBUG=1",
					"$(inherited)",
				);
				GCC_WARN_64_TO_32_BIT_CONVERSION = YES;
				GCC_WARN_ABOUT_RETURN_TYPE = YES_ERROR;
				GCC_WARN_UNDECLARED_SELECTOR = YES;
				GCC_WARN_UNINITIALIZED_AUTOS = YES_AGGRESSIVE;
				GCC_WARN_UNUSED_FUNCTION = YES;
				GCC_WARN_UNUSED_VARIABLE = YES;
				IPHONEOS_DEPLOYMENT_TARGET = 11.2;
				MTL_ENABLE_DEBUG_INFO = YES;
				ONLY_ACTIVE_ARCH = YES;
				SDKROOT = iphoneos;
				SWIFT_ACTIVE_COMPILATION_CONDITIONS = DEBUG;
				SWIFT_OPTIMIZATION_LEVEL = "-Onone";
			};
			name = Debug;
		};
		8EEF07881FF2F74B0032CDAE /* Release */ = {
			isa = XCBuildConfiguration;
			buildSettings = {
				ALWAYS_SEARCH_USER_PATHS = NO;
				CLANG_ANALYZER_NONNULL = YES;
				CLANG_ANALYZER_NUMBER_OBJECT_CONVERSION = YES_AGGRESSIVE;
				CLANG_CXX_LANGUAGE_STANDARD = "gnu++14";
				CLANG_CXX_LIBRARY = "libc++";
				CLANG_ENABLE_MODULES = YES;
				CLANG_ENABLE_OBJC_ARC = YES;
				CLANG_WARN_BLOCK_CAPTURE_AUTORELEASING = YES;
				CLANG_WARN_BOOL_CONVERSION = YES;
				CLANG_WARN_COMMA = YES;
				CLANG_WARN_CONSTANT_CONVERSION = YES;
				CLANG_WARN_DIRECT_OBJC_ISA_USAGE = YES_ERROR;
				CLANG_WARN_DOCUMENTATION_COMMENTS = YES;
				CLANG_WARN_EMPTY_BODY = YES;
				CLANG_WARN_ENUM_CONVERSION = YES;
				CLANG_WARN_INFINITE_RECURSION = YES;
				CLANG_WARN_INT_CONVERSION = YES;
				CLANG_WARN_NON_LITERAL_NULL_CONVERSION = YES;
				CLANG_WARN_OBJC_LITERAL_CONVERSION = YES;
				CLANG_WARN_OBJC_ROOT_CLASS = YES_ERROR;
				CLANG_WARN_RANGE_LOOP_ANALYSIS = YES;
				CLANG_WARN_STRICT_PROTOTYPES = YES;
				CLANG_WARN_SUSPICIOUS_MOVE = YES;
				CLANG_WARN_UNGUARDED_AVAILABILITY = YES_AGGRESSIVE;
				CLANG_WARN_UNREACHABLE_CODE = YES;
				CLANG_WARN__DUPLICATE_METHOD_MATCH = YES;
				CODE_SIGN_IDENTITY = "iPhone Developer";
				COPY_PHASE_STRIP = NO;
				DEBUG_INFORMATION_FORMAT = "dwarf-with-dsym";
				DEVELOPMENT_TEAM = S5FN3MKRTG;
				ENABLE_NS_ASSERTIONS = NO;
				ENABLE_STRICT_OBJC_MSGSEND = YES;
				GCC_C_LANGUAGE_STANDARD = gnu11;
				GCC_NO_COMMON_BLOCKS = YES;
				GCC_WARN_64_TO_32_BIT_CONVERSION = YES;
				GCC_WARN_ABOUT_RETURN_TYPE = YES_ERROR;
				GCC_WARN_UNDECLARED_SELECTOR = YES;
				GCC_WARN_UNINITIALIZED_AUTOS = YES_AGGRESSIVE;
				GCC_WARN_UNUSED_FUNCTION = YES;
				GCC_WARN_UNUSED_VARIABLE = YES;
				IPHONEOS_DEPLOYMENT_TARGET = 11.2;
				MTL_ENABLE_DEBUG_INFO = NO;
				SDKROOT = iphoneos;
				SWIFT_OPTIMIZATION_LEVEL = "-Owholemodule";
				VALIDATE_PRODUCT = YES;
			};
			name = Release;
		};
		8EEF078A1FF2F74B0032CDAE /* Debug */ = {
			isa = XCBuildConfiguration;
			buildSettings = {
				ALWAYS_EMBED_SWIFT_STANDARD_LIBRARIES = YES;
				ASSETCATALOG_COMPILER_APPICON_NAME = AppIcon;
				CODE_SIGN_STYLE = Automatic;
				DEVELOPMENT_TEAM = S5FN3MKRTG;
				INFOPLIST_FILE = Flowmaze2/Info.plist;
				IPHONEOS_DEPLOYMENT_TARGET = 10.3;
				LD_RUNPATH_SEARCH_PATHS = "$(inherited) @executable_path/Frameworks";
				PRODUCT_BUNDLE_IDENTIFIER = no.knubo.Flowmaze2;
				PRODUCT_NAME = "$(TARGET_NAME)";
				SWIFT_VERSION = 4.0;
				TARGETED_DEVICE_FAMILY = "1,2";
			};
			name = Debug;
		};
		8EEF078B1FF2F74B0032CDAE /* Release */ = {
			isa = XCBuildConfiguration;
			buildSettings = {
				ALWAYS_EMBED_SWIFT_STANDARD_LIBRARIES = YES;
				ASSETCATALOG_COMPILER_APPICON_NAME = AppIcon;
				CODE_SIGN_STYLE = Automatic;
				DEVELOPMENT_TEAM = S5FN3MKRTG;
				INFOPLIST_FILE = Flowmaze2/Info.plist;
				IPHONEOS_DEPLOYMENT_TARGET = 10.3;
				LD_RUNPATH_SEARCH_PATHS = "$(inherited) @executable_path/Frameworks";
				PRODUCT_BUNDLE_IDENTIFIER = no.knubo.Flowmaze2;
				PRODUCT_NAME = "$(TARGET_NAME)";
				SWIFT_VERSION = 4.0;
				TARGETED_DEVICE_FAMILY = "1,2";
			};
			name = Release;
		};
/* End XCBuildConfiguration section */

/* Begin XCConfigurationList section */
		8E93954E2026016400F03E37 /* Build configuration list for PBXNativeTarget "FlowMazeImport" */ = {
			isa = XCConfigurationList;
			buildConfigurations = (
				8E93954C2026016400F03E37 /* Debug */,
				8E93954D2026016400F03E37 /* Release */,
			);
			defaultConfigurationIsVisible = 0;
			defaultConfigurationName = Release;
		};
		8EEF07721FF2F74B0032CDAE /* Build configuration list for PBXProject "Flowmaze2" */ = {
			isa = XCConfigurationList;
			buildConfigurations = (
				8EEF07871FF2F74B0032CDAE /* Debug */,
				8EEF07881FF2F74B0032CDAE /* Release */,
			);
			defaultConfigurationIsVisible = 0;
			defaultConfigurationName = Release;
		};
		8EEF07891FF2F74B0032CDAE /* Build configuration list for PBXNativeTarget "Flowmaze2" */ = {
			isa = XCConfigurationList;
			buildConfigurations = (
				8EEF078A1FF2F74B0032CDAE /* Debug */,
				8EEF078B1FF2F74B0032CDAE /* Release */,
			);
			defaultConfigurationIsVisible = 0;
			defaultConfigurationName = Release;
		};
/* End XCConfigurationList section */
	};
	rootObject = 8EEF076F1FF2F74B0032CDAE /* Project object */;
}
