// !$*UTF8*$!
{
	archiveVersion = 1;
	classes = {
	};
	objectVersion = 48;
	objects = {

/* Begin PBXBuildFile section */
		8EEF077B1FF2F74B0032CDAE /* AppDelegate.swift in Sources */ = {isa = PBXBuildFile; fileRef = 8EEF077A1FF2F74B0032CDAE /* AppDelegate.swift */; };
		8EEF077D1FF2F74B0032CDAE /* GameViewController.swift in Sources */ = {isa = PBXBuildFile; fileRef = 8EEF077C1FF2F74B0032CDAE /* GameViewController.swift */; };
		8EEF07801FF2F74B0032CDAE /* Main.storyboard in Resources */ = {isa = PBXBuildFile; fileRef = 8EEF077E1FF2F74B0032CDAE /* Main.storyboard */; };
		8EEF07821FF2F74B0032CDAE /* Assets.xcassets in Resources */ = {isa = PBXBuildFile; fileRef = 8EEF07811FF2F74B0032CDAE /* Assets.xcassets */; };
		8EEF07851FF2F74B0032CDAE /* LaunchScreen.storyboard in Resources */ = {isa = PBXBuildFile; fileRef = 8EEF07831FF2F74B0032CDAE /* LaunchScreen.storyboard */; };
		8EEF078D1FF2F7690032CDAE /* Labyrinth.swift in Sources */ = {isa = PBXBuildFile; fileRef = 8EEF078C1FF2F7690032CDAE /* Labyrinth.swift */; };
		8EFFF5801FF51C12007947D6 /* MenuViewController.swift in Sources */ = {isa = PBXBuildFile; fileRef = 8EFFF57F1FF51C12007947D6 /* MenuViewController.swift */; };
		8EFFF5821FF80373007947D6 /* HighScores.swift in Sources */ = {isa = PBXBuildFile; fileRef = 8EFFF5811FF80373007947D6 /* HighScores.swift */; };
/* End PBXBuildFile section */

/* Begin PBXFileReference section */
		8EEF07771FF2F74B0032CDAE /* Flowmaze2.app */ = {isa = PBXFileReference; explicitFileType = wrapper.application; includeInIndex = 0; path = Flowmaze2.app; sourceTree = BUILT_PRODUCTS_DIR; };
		8EEF077A1FF2F74B0032CDAE /* AppDelegate.swift */ = {isa = PBXFileReference; lastKnownFileType = sourcecode.swift; path = AppDelegate.swift; sourceTree = "<group>"; };
		8EEF077C1FF2F74B0032CDAE /* GameViewController.swift */ = {isa = PBXFileReference; lastKnownFileType = sourcecode.swift; path = GameViewController.swift; sourceTree = "<group>"; };
		8EEF077F1FF2F74B0032CDAE /* Base */ = {isa = PBXFileReference; lastKnownFileType = file.storyboard; name = Base; path = Base.lproj/Main.storyboard; sourceTree = "<group>"; };
		8EEF07811FF2F74B0032CDAE /* Assets.xcassets */ = {isa = PBXFileReference; lastKnownFileType = folder.assetcatalog; path = Assets.xcassets; sourceTree = "<group>"; };
		8EEF07841FF2F74B0032CDAE /* Base */ = {isa = PBXFileReference; lastKnownFileType = file.storyboard; name = Base; path = Base.lproj/LaunchScreen.storyboard; sourceTree = "<group>"; };
		8EEF07861FF2F74B0032CDAE /* Info.plist */ = {isa = PBXFileReference; lastKnownFileType = text.plist.xml; path = Info.plist; sourceTree = "<group>"; };
		8EEF078C1FF2F7690032CDAE /* Labyrinth.swift */ = {isa = PBXFileReference; lastKnownFileType = sourcecode.swift; path = Labyrinth.swift; sourceTree = "<group>"; };
		8EFFF57F1FF51C12007947D6 /* MenuViewController.swift */ = {isa = PBXFileReference; lastKnownFileType = sourcecode.swift; path = MenuViewController.swift; sourceTree = "<group>"; };
		8EFFF5811FF80373007947D6 /* HighScores.swift */ = {isa = PBXFileReference; lastKnownFileType = sourcecode.swift; path = HighScores.swift; sourceTree = "<group>"; };
/* End PBXFileReference section */

/* Begin PBXFrameworksBuildPhase section */
		8EEF07741FF2F74B0032CDAE /* Frameworks */ = {
			isa = PBXFrameworksBuildPhase;
			buildActionMask = 2147483647;
			files = (
			);
			runOnlyForDeploymentPostprocessing = 0;
		};
/* End PBXFrameworksBuildPhase section */

/* Begin PBXGroup section */
		8EEF076E1FF2F74B0032CDAE = {
			isa = PBXGroup;
			children = (
				8EEF07791FF2F74B0032CDAE /* Flowmaze2 */,
				8EEF07781FF2F74B0032CDAE /* Products */,
			);
			sourceTree = "<group>";
		};
		8EEF07781FF2F74B0032CDAE /* Products */ = {
			isa = PBXGroup;
			children = (
				8EEF07771FF2F74B0032CDAE /* Flowmaze2.app */,
			);
			name = Products;
			sourceTree = "<group>";
		};
		8EEF07791FF2F74B0032CDAE /* Flowmaze2 */ = {
			isa = PBXGroup;
			children = (
				8EFFF57F1FF51C12007947D6 /* MenuViewController.swift */,
				8EEF077A1FF2F74B0032CDAE /* AppDelegate.swift */,
				8EEF077C1FF2F74B0032CDAE /* GameViewController.swift */,
				8EEF077E1FF2F74B0032CDAE /* Main.storyboard */,
				8EEF07811FF2F74B0032CDAE /* Assets.xcassets */,
				8EEF07831FF2F74B0032CDAE /* LaunchScreen.storyboard */,
				8EEF07861FF2F74B0032CDAE /* Info.plist */,
				8EEF078C1FF2F7690032CDAE /* Labyrinth.swift */,
				8EFFF5811FF80373007947D6 /* HighScores.swift */,
			);
			path = Flowmaze2;
			sourceTree = "<group>";
		};
/* End PBXGroup section */

/* Begin PBXNativeTarget section */
		8EEF07761FF2F74B0032CDAE /* Flowmaze2 */ = {
			isa = PBXNativeTarget;
			buildConfigurationList = 8EEF07891FF2F74B0032CDAE /* Build configuration list for PBXNativeTarget "Flowmaze2" */;
			buildPhases = (
				8EEF07731FF2F74B0032CDAE /* Sources */,
				8EEF07741FF2F74B0032CDAE /* Frameworks */,
				8EEF07751FF2F74B0032CDAE /* Resources */,
			);
			buildRules = (
			);
			dependencies = (
			);
			name = Flowmaze2;
			productName = Flowmaze2;
			productReference = 8EEF07771FF2F74B0032CDAE /* Flowmaze2.app */;
			productType = "com.apple.product-type.application";
		};
/* End PBXNativeTarget section */

/* Begin PBXProject section */
		8EEF076F1FF2F74B0032CDAE /* Project object */ = {
			isa = PBXProject;
			attributes = {
				LastSwiftUpdateCheck = 0920;
				LastUpgradeCheck = 0920;
				ORGANIZATIONNAME = "Knut Erik Borgen";
				TargetAttributes = {
					8EEF07761FF2F74B0032CDAE = {
						CreatedOnToolsVersion = 9.2;
						ProvisioningStyle = Automatic;
					};
				};
			};
			buildConfigurationList = 8EEF07721FF2F74B0032CDAE /* Build configuration list for PBXProject "Flowmaze2" */;
			compatibilityVersion = "Xcode 8.0";
			developmentRegion = en;
			hasScannedForEncodings = 0;
			knownRegions = (
				en,
				Base,
			);
			mainGroup = 8EEF076E1FF2F74B0032CDAE;
			productRefGroup = 8EEF07781FF2F74B0032CDAE /* Products */;
			projectDirPath = "";
			projectRoot = "";
			targets = (
				8EEF07761FF2F74B0032CDAE /* Flowmaze2 */,
			);
		};
/* End PBXProject section */

/* Begin PBXResourcesBuildPhase section */
		8EEF07751FF2F74B0032CDAE /* Resources */ = {
			isa = PBXResourcesBuildPhase;
			buildActionMask = 2147483647;
			files = (
				8EEF07851FF2F74B0032CDAE /* LaunchScreen.storyboard in Resources */,
				8EEF07821FF2F74B0032CDAE /* Assets.xcassets in Resources */,
				8EEF07801FF2F74B0032CDAE /* Main.storyboard in Resources */,
			);
			runOnlyForDeploymentPostprocessing = 0;
		};
/* End PBXResourcesBuildPhase section */

/* Begin PBXSourcesBuildPhase section */
		8EEF07731FF2F74B0032CDAE /* Sources */ = {
			isa = PBXSourcesBuildPhase;
			buildActionMask = 2147483647;
			files = (
				8EEF077D1FF2F74B0032CDAE /* GameViewController.swift in Sources */,
				8EEF078D1FF2F7690032CDAE /* Labyrinth.swift in Sources */,
				8EFFF5821FF80373007947D6 /* HighScores.swift in Sources */,
				8EEF077B1FF2F74B0032CDAE /* AppDelegate.swift in Sources */,
				8EFFF5801FF51C12007947D6 /* MenuViewController.swift in Sources */,
			);
			runOnlyForDeploymentPostprocessing = 0;
		};
/* End PBXSourcesBuildPhase section */

/* Begin PBXVariantGroup section */
		8EEF077E1FF2F74B0032CDAE /* Main.storyboard */ = {
			isa = PBXVariantGroup;
			children = (
				8EEF077F1FF2F74B0032CDAE /* Base */,
			);
			name = Main.storyboard;
			sourceTree = "<group>";
		};
		8EEF07831FF2F74B0032CDAE /* LaunchScreen.storyboard */ = {
			isa = PBXVariantGroup;
			children = (
				8EEF07841FF2F74B0032CDAE /* Base */,
			);
			name = LaunchScreen.storyboard;
			sourceTree = "<group>";
		};
/* End PBXVariantGroup section */

/* Begin XCBuildConfiguration section */
		8EEF07871FF2F74B0032CDAE /* Debug */ = {
			isa = XCBuildConfiguration;
			buildSettings = {
				ALWAYS_SEARCH_USER_PATHS = NO;
				CLANG_ANALYZER_NONNULL = YES;
				CLANG_ANALYZER_NUMBER_OBJECT_CONVERSION = YES_AGGRESSIVE;
				CLANG_CXX_LANGUAGE_STANDARD = "gnu++14";
				CLANG_CXX_LIBRARY = "libc++";
				CLANG_ENABLE_MODULES = YES;
				CLANG_ENABLE_OBJC_ARC = YES;
				CLANG_WARN_BLOCK_CAPTURE_AUTORELEASING = YES;
				CLANG_WARN_BOOL_CONVERSION = YES;
				CLANG_WARN_COMMA = YES;
				CLANG_WARN_CONSTANT_CONVERSION = YES;
				CLANG_WARN_DIRECT_OBJC_ISA_USAGE = YES_ERROR;
				CLANG_WARN_DOCUMENTATION_COMMENTS = YES;
				CLANG_WARN_EMPTY_BODY = YES;
				CLANG_WARN_ENUM_CONVERSION = YES;
				CLANG_WARN_INFINITE_RECURSION = YES;
				CLANG_WARN_INT_CONVERSION = YES;
				CLANG_WARN_NON_LITERAL_NULL_CONVERSION = YES;
				CLANG_WARN_OBJC_LITERAL_CONVERSION = YES;
				CLANG_WARN_OBJC_ROOT_CLASS = YES_ERROR;
				CLANG_WARN_RANGE_LOOP_ANALYSIS = YES;
				CLANG_WARN_STRICT_PROTOTYPES = YES;
				CLANG_WARN_SUSPICIOUS_MOVE = YES;
				CLANG_WARN_UNGUARDED_AVAILABILITY = YES_AGGRESSIVE;
				CLANG_WARN_UNREACHABLE_CODE = YES;
				CLANG_WARN__DUPLICATE_METHOD_MATCH = YES;
				CODE_SIGN_IDENTITY = "iPhone Developer";
				COPY_PHASE_STRIP = NO;
				DEBUG_INFORMATION_FORMAT = dwarf;
				ENABLE_STRICT_OBJC_MSGSEND = YES;
				ENABLE_TESTABILITY = YES;
				GCC_C_LANGUAGE_STANDARD = gnu11;
				GCC_DYNAMIC_NO_PIC = NO;
				GCC_NO_COMMON_BLOCKS = YES;
				GCC_OPTIMIZATION_LEVEL = 0;
				GCC_PREPROCESSOR_DEFINITIONS = (
					"DEBUG=1",
					"$(inherited)",
				);
				GCC_WARN_64_TO_32_BIT_CONVERSION = YES;
				GCC_WARN_ABOUT_RETURN_TYPE = YES_ERROR;
				GCC_WARN_UNDECLARED_SELECTOR = YES;
				GCC_WARN_UNINITIALIZED_AUTOS = YES_AGGRESSIVE;
				GCC_WARN_UNUSED_FUNCTION = YES;
				GCC_WARN_UNUSED_VARIABLE = YES;
				IPHONEOS_DEPLOYMENT_TARGET = 11.2;
				MTL_ENABLE_DEBUG_INFO = YES;
				ONLY_ACTIVE_ARCH = YES;
				SDKROOT = iphoneos;
				SWIFT_ACTIVE_COMPILATION_CONDITIONS = DEBUG;
				SWIFT_OPTIMIZATION_LEVEL = "-Onone";
			};
			name = Debug;
		};
		8EEF07881FF2F74B0032CDAE /* Release */ = {
			isa = XCBuildConfiguration;
			buildSettings = {
				ALWAYS_SEARCH_USER_PATHS = NO;
				CLANG_ANALYZER_NONNULL = YES;
				CLANG_ANALYZER_NUMBER_OBJECT_CONVERSION = YES_AGGRESSIVE;
				CLANG_CXX_LANGUAGE_STANDARD = "gnu++14";
				CLANG_CXX_LIBRARY = "libc++";
				CLANG_ENABLE_MODULES = YES;
				CLANG_ENABLE_OBJC_ARC = YES;
				CLANG_WARN_BLOCK_CAPTURE_AUTORELEASING = YES;
				CLANG_WARN_BOOL_CONVERSION = YES;
				CLANG_WARN_COMMA = YES;
				CLANG_WARN_CONSTANT_CONVERSION = YES;
				CLANG_WARN_DIRECT_OBJC_ISA_USAGE = YES_ERROR;
				CLANG_WARN_DOCUMENTATION_COMMENTS = YES;
				CLANG_WARN_EMPTY_BODY = YES;
				CLANG_WARN_ENUM_CONVERSION = YES;
				CLANG_WARN_INFINITE_RECURSION = YES;
				CLANG_WARN_INT_CONVERSION = YES;
				CLANG_WARN_NON_LITERAL_NULL_CONVERSION = YES;
				CLANG_WARN_OBJC_LITERAL_CONVERSION = YES;
				CLANG_WARN_OBJC_ROOT_CLASS = YES_ERROR;
				CLANG_WARN_RANGE_LOOP_ANALYSIS = YES;
				CLANG_WARN_STRICT_PROTOTYPES = YES;
				CLANG_WARN_SUSPICIOUS_MOVE = YES;
				CLANG_WARN_UNGUARDED_AVAILABILITY = YES_AGGRESSIVE;
				CLANG_WARN_UNREACHABLE_CODE = YES;
				CLANG_WARN__DUPLICATE_METHOD_MATCH = YES;
				CODE_SIGN_IDENTITY = "iPhone Developer";
				COPY_PHASE_STRIP = NO;
				DEBUG_INFORMATION_FORMAT = "dwarf-with-dsym";
				ENABLE_NS_ASSERTIONS = NO;
				ENABLE_STRICT_OBJC_MSGSEND = YES;
				GCC_C_LANGUAGE_STANDARD = gnu11;
				GCC_NO_COMMON_BLOCKS = YES;
				GCC_WARN_64_TO_32_BIT_CONVERSION = YES;
				GCC_WARN_ABOUT_RETURN_TYPE = YES_ERROR;
				GCC_WARN_UNDECLARED_SELECTOR = YES;
				GCC_WARN_UNINITIALIZED_AUTOS = YES_AGGRESSIVE;
				GCC_WARN_UNUSED_FUNCTION = YES;
				GCC_WARN_UNUSED_VARIABLE = YES;
				IPHONEOS_DEPLOYMENT_TARGET = 11.2;
				MTL_ENABLE_DEBUG_INFO = NO;
				SDKROOT = iphoneos;
				SWIFT_OPTIMIZATION_LEVEL = "-Owholemodule";
				VALIDATE_PRODUCT = YES;
			};
			name = Release;
		};
		8EEF078A1FF2F74B0032CDAE /* Debug */ = {
			isa = XCBuildConfiguration;
			buildSettings = {
				ASSETCATALOG_COMPILER_APPICON_NAME = AppIcon;
				CODE_SIGN_STYLE = Automatic;
				DEVELOPMENT_TEAM = S5FN3MKRTG;
				INFOPLIST_FILE = Flowmaze2/Info.plist;
				IPHONEOS_DEPLOYMENT_TARGET = 10.3;
				LD_RUNPATH_SEARCH_PATHS = "$(inherited) @executable_path/Frameworks";
				PRODUCT_BUNDLE_IDENTIFIER = no.knubo.Flowmaze2;
				PRODUCT_NAME = "$(TARGET_NAME)";
				SWIFT_VERSION = 4.0;
				TARGETED_DEVICE_FAMILY = "1,2";
			};
			name = Debug;
		};
		8EEF078B1FF2F74B0032CDAE /* Release */ = {
			isa = XCBuildConfiguration;
			buildSettings = {
				ASSETCATALOG_COMPILER_APPICON_NAME = AppIcon;
				CODE_SIGN_STYLE = Automatic;
				DEVELOPMENT_TEAM = S5FN3MKRTG;
				INFOPLIST_FILE = Flowmaze2/Info.plist;
				IPHONEOS_DEPLOYMENT_TARGET = 10.3;
				LD_RUNPATH_SEARCH_PATHS = "$(inherited) @executable_path/Frameworks";
				PRODUCT_BUNDLE_IDENTIFIER = no.knubo.Flowmaze2;
				PRODUCT_NAME = "$(TARGET_NAME)";
				SWIFT_VERSION = 4.0;
				TARGETED_DEVICE_FAMILY = "1,2";
			};
			name = Release;
		};
/* End XCBuildConfiguration section */

/* Begin XCConfigurationList section */
		8EEF07721FF2F74B0032CDAE /* Build configuration list for PBXProject "Flowmaze2" */ = {
			isa = XCConfigurationList;
			buildConfigurations = (
				8EEF07871FF2F74B0032CDAE /* Debug */,
				8EEF07881FF2F74B0032CDAE /* Release */,
			);
			defaultConfigurationIsVisible = 0;
			defaultConfigurationName = Release;
		};
		8EEF07891FF2F74B0032CDAE /* Build configuration list for PBXNativeTarget "Flowmaze2" */ = {
			isa = XCConfigurationList;
			buildConfigurations = (
				8EEF078A1FF2F74B0032CDAE /* Debug */,
				8EEF078B1FF2F74B0032CDAE /* Release */,
			);
			defaultConfigurationIsVisible = 0;
			defaultConfigurationName = Release;
		};
/* End XCConfigurationList section */
	};
	rootObject = 8EEF076F1FF2F74B0032CDAE /* Project object */;
}
